{
  "name": "frogbot-fix-repro-npm",
  "version": "1.0.0",
  "lockfileVersion": 3,
  "requires": true,
  "packages": {
    "": {
      "name": "frogbot-fix-repro-npm",
      "version": "1.0.0",
      "dependencies": {
        "minimatch": "3.1.4"
      }
    },
    "node_modules/balanced-match": {
      "version": "1.0.2",
      "resolved": "https://jfrogrepo24.jfrog.io/artifactory/api/npm/npmjs/balanced-match/-/balanced-match-1.0.2.tgz",
      "integrity": "sha512-3oSeUO0TMV67hN1AmbXsK4yaqU7tjiHlbxRDZOpH0KW9+CeX4bRAaX0Anxt0tx2MrpRpWwQaPwIlISEJhYU5Pw==",
      "license": "MIT"
    },
    "node_modules/brace-expansion": {
      "version": "1.1.15",
      "resolved": "https://jfrogrepo24.jfrog.io/artifactory/api/npm/npmjs/brace-expansion/-/brace-expansion-1.1.15.tgz",
      "integrity": "sha512-EwOCDEex4quD37XhqM3omwtMoJjr//isUZz1JopUNWms+4Z2ViyM/k1YIRePpoVNnQhENnxtFjLaxNHrT7xIUg==",
      "license": "MIT",
      "dependencies": {
        "balanced-match": "^1.0.0",
        "concat-map": "0.0.1"
      }
    },
    "node_modules/concat-map": {
      "version": "0.0.1",
      "resolved": "https://jfrogrepo24.jfrog.io/artifactory/api/npm/npmjs/concat-map/-/concat-map-0.0.1.tgz",
      "integrity": "sha512-/Srv4dswyQNBfohGpz9o6Yb3Gz3SrUDqBH5rTuhGR7ahtlbYKnVxw2bCFMRljaA7EXHaXZ8wsHdodFvbkhKmqg==",
      "license": "MIT"
    },
    "node_modules/minimatch": {
      "version": "3.1.4",
      "resolved": "https://registry.npmjs.org/minimatch/-/minimatch-3.1.4.tgz",
      "integrity": "sha512-twmL+S8+7yIsE9wsqgzU3E8/LumN3M3QELrBZ20OdmQ9jB2JvW5oZtBEmft84k/Gs5CG9mqtWc6Y9vW+JEzGxw==",
      "license": "ISC",
      "dependencies": {
        "brace-expansion": "^1.1.7"
      },
      "engines": {
        "node": "*"
      }
    }
  }
}
